hash: cf4a9028d1f68ccb7d4bdf32fce2c80e307391cef8cbb45e91d33afb182b9cd9
updated: 2017-05-03T23:50:34.827413737+02:00
imports:
- name: github.com/labstack/echo
  version: 1049c9613cd371b7ea8f219404c9a821734781ed
- name: github.com/labstack/gommon
  version: 9298d710c664bcd21c454120f63a00fb7d484458
  subpackages:
  - color
  - log
- name: github.com/mattn/go-colorable
  version: ded68f7a9561c023e790de24279db7ebf473ea80
- name: github.com/mattn/go-isatty
  version: fc9e8d8ef48496124e79ae0df75490096eccf6fe
- name: github.com/tylerb/graceful
  version: d72b0151351a13d0421b763b88f791469c4f5dc7
- name: github.com/valyala/bytebufferpool
  version: e746df99fe4a3986f4d4f79e13c1e0117ce9c2f7
- name: github.com/valyala/fasttemplate
  version: dcecefd839c4193db0d35b88ec65b4c12d360ab0
- name: golang.org/x/crypto
  version: 04eae0b62feaaf659a0ce2c4e8dc70b6ae2fff67
  subpackages:
  - acme
  - acme/autocert
- name: golang.org/x/sys
  version: 9ccfe848b9db8435a24c424abbc07a921adf1df5
  subpackages:
  - unix
testImports: []
